
Microsoft Visual Studio Solution File, Format Version 12.00
# Visual Studio Version 16
VisualStudioVersion = 16.0.31112.23
MinimumVisualStudioVersion = 10.0.40219.1
Project("{FAE04EC0-301F-11D3-BF4B-00C04F79EFBC}") = "App0.2.Android", "App0.2\App0.2.Android\App0.2.Android.csproj", "{DD637776-64C0-4CD3-9934-0130E9985804}"
EndProject
Project("{FAE04EC0-301F-11D3-BF4B-00C04F79EFBC}") = "App0.2.iOS", "App0.2\App0.2.iOS\App0.2.iOS.csproj", "{64A75545-2E70-4BC9-8BC9-1FFAF4A32105}"
EndProject
Project("{FAE04EC0-301F-11D3-BF4B-00C04F79EFBC}") = "App0.2", "App0.2\App0.2\App0.2.csproj", "{4BE79B6D-BA3A-4758-9A9D-5CAD590BC91F}"
EndProject
Global
	GlobalSection(SolutionConfigurationPlatforms) = preSolution
		Debug|Any CPU = Debug|Any CPU
		Debug|iPhone = Debug|iPhone
		Debug|iPhoneSimulator = Debug|iPhoneSimulator
		Release|Any CPU = Release|Any CPU
		Release|iPhone = Release|iPhone
		Release|iPhoneSimulator = Release|iPhoneSimulator
	EndGlobalSection
	GlobalSection(ProjectConfigurationPlatforms) = postSolution
		{DD637776-64C0-4CD3-9934-0130E9985804}.Debug|Any CPU.ActiveCfg = Debug|Any CPU
		{DD637776-64C0-4CD3-9934-0130E9985804}.Debug|Any CPU.Build.0 = Debug|Any CPU
		{DD637776-64C0-4CD3-9934-0130E9985804}.Debug|Any CPU.Deploy.0 = Debug|Any CPU
		{DD637776-64C0-4CD3-9934-0130E9985804}.Debug|iPhone.ActiveCfg = Debug|Any CPU
		{DD637776-64C0-4CD3-9934-0130E9985804}.Debug|iPhone.Build.0 = Debug|Any CPU
		{DD637776-64C0-4CD3-9934-0130E9985804}.Debug|iPhone.Deploy.0 = Debug|Any CPU
		{DD637776-64C0-4CD3-9934-0130E9985804}.Debug|iPhoneSimulator.ActiveCfg = Debug|Any CPU
		{DD637776-64C0-4CD3-9934-0130E9985804}.Debug|iPhoneSimulator.Build.0 = Debug|Any CPU
		{DD637776-64C0-4CD3-9934-0130E9985804}.Debug|iPhoneSimulator.Deploy.0 = Debug|Any CPU
		{DD637776-64C0-4CD3-9934-0130E9985804}.Release|Any CPU.ActiveCfg = Release|Any CPU
		{DD637776-64C0-4CD3-9934-0130E9985804}.Release|Any CPU.Build.0 = Release|Any CPU
		{DD637776-64C0-4CD3-9934-0130E9985804}.Release|Any CPU.Deploy.0 = Release|Any CPU
		{DD637776-64C0-4CD3-9934-0130E9985804}.Release|iPhone.ActiveCfg = Release|Any CPU
		{DD637776-64C0-4CD3-9934-0130E9985804}.Release|iPhone.Build.0 = Release|Any CPU
		{DD637776-64C0-4CD3-9934-0130E9985804}.Release|iPhone.Deploy.0 = Release|Any CPU
		{DD637776-64C0-4CD3-9934-0130E9985804}.Release|iPhoneSimulator.ActiveCfg = Release|Any CPU
		{DD637776-64C0-4CD3-9934-0130E9985804}.Release|iPhoneSimulator.Build.0 = Release|Any CPU
		{DD637776-64C0-4CD3-9934-0130E9985804}.Release|iPhoneSimulator.Deploy.0 = Release|Any CPU
		{64A75545-2E70-4BC9-8BC9-1FFAF4A32105}.Debug|Any CPU.ActiveCfg = Debug|iPhone
		{64A75545-2E70-4BC9-8BC9-1FFAF4A32105}.Debug|Any CPU.Build.0 = Debug|iPhone
		{64A75545-2E70-4BC9-8BC9-1FFAF4A32105}.Debug|Any CPU.Deploy.0 = Debug|iPhone
		{64A75545-2E70-4BC9-8BC9-1FFAF4A32105}.Debug|iPhone.ActiveCfg = Debug|iPhone
		{64A75545-2E70-4BC9-8BC9-1FFAF4A32105}.Debug|iPhone.Build.0 = Debug|iPhone
		{64A75545-2E70-4BC9-8BC9-1FFAF4A32105}.Debug|iPhone.Deploy.0 = Debug|iPhone
		{64A75545-2E70-4BC9-8BC9-1FFAF4A32105}.Debug|iPhoneSimulator.ActiveCfg = Debug|iPhoneSimulator
		{64A75545-2E70-4BC9-8BC9-1FFAF4A32105}.Debug|iPhoneSimulator.Build.0 = Debug|iPhoneSimulator
		{64A75545-2E70-4BC9-8BC9-1FFAF4A32105}.Debug|iPhoneSimulator.Deploy.0 = Debug|iPhoneSimulator
		{64A75545-2E70-4BC9-8BC9-1FFAF4A32105}.Release|Any CPU.ActiveCfg = Release|iPhoneSimulator
		{64A75545-2E70-4BC9-8BC9-1FFAF4A32105}.Release|Any CPU.Build.0 = Release|iPhoneSimulator
		{64A75545-2E70-4BC9-8BC9-1FFAF4A32105}.Release|Any CPU.Deploy.0 = Release|iPhoneSimulator
		{64A75545-2E70-4BC9-8BC9-1FFAF4A32105}.Release|iPhone.ActiveCfg = Release|iPhone
		{64A75545-2E70-4BC9-8BC9-1FFAF4A32105}.Release|iPhone.Build.0 = Release|iPhone
		{64A75545-2E70-4BC9-8BC9-1FFAF4A32105}.Release|iPhone.Deploy.0 = Release|iPhone
		{64A75545-2E70-4BC9-8BC9-1FFAF4A32105}.Release|iPhoneSimulator.ActiveCfg = Release|iPhoneSimulator
		{64A75545-2E70-4BC9-8BC9-1FFAF4A32105}.Release|iPhoneSimulator.Build.0 = Release|iPhoneSimulator
		{64A75545-2E70-4BC9-8BC9-1FFAF4A32105}.Release|iPhoneSimulator.Deploy.0 = Release|iPhoneSimulator
		{4BE79B6D-BA3A-4758-9A9D-5CAD590BC91F}.Debug|Any CPU.ActiveCfg = Debug|Any CPU
		{4BE79B6D-BA3A-4758-9A9D-5CAD590BC91F}.Debug|Any CPU.Build.0 = Debug|Any CPU
		{4BE79B6D-BA3A-4758-9A9D-5CAD590BC91F}.Debug|Any CPU.Deploy.0 = Debug|Any CPU
		{4BE79B6D-BA3A-4758-9A9D-5CAD590BC91F}.Debug|iPhone.ActiveCfg = Debug|Any CPU
		{4BE79B6D-BA3A-4758-9A9D-5CAD590BC91F}.Debug|iPhone.Build.0 = Debug|Any CPU
		{4BE79B6D-BA3A-4758-9A9D-5CAD590BC91F}.Debug|iPhone.Deploy.0 = Debug|Any CPU
		{4BE79B6D-BA3A-4758-9A9D-5CAD590BC91F}.Debug|iPhoneSimulator.ActiveCfg = Debug|Any CPU
		{4BE79B6D-BA3A-4758-9A9D-5CAD590BC91F}.Debug|iPhoneSimulator.Build.0 = Debug|Any CPU
		{4BE79B6D-BA3A-4758-9A9D-5CAD590BC91F}.Debug|iPhoneSimulator.Deploy.0 = Debug|Any CPU
		{4BE79B6D-BA3A-4758-9A9D-5CAD590BC91F}.Release|Any CPU.ActiveCfg = Release|Any CPU
		{4BE79B6D-BA3A-4758-9A9D-5CAD590BC91F}.Release|Any CPU.Build.0 = Release|Any CPU
		{4BE79B6D-BA3A-4758-9A9D-5CAD590BC91F}.Release|Any CPU.Deploy.0 = Release|Any CPU
		{4BE79B6D-BA3A-4758-9A9D-5CAD590BC91F}.Release|iPhone.ActiveCfg = Release|Any CPU
		{4BE79B6D-BA3A-4758-9A9D-5CAD590BC91F}.Release|iPhone.Build.0 = Release|Any CPU
		{4BE79B6D-BA3A-4758-9A9D-5CAD590BC91F}.Release|iPhone.Deploy.0 = Release|Any CPU
		{4BE79B6D-BA3A-4758-9A9D-5CAD590BC91F}.Release|iPhoneSimulator.ActiveCfg = Release|Any CPU
		{4BE79B6D-BA3A-4758-9A9D-5CAD590BC91F}.Release|iPhoneSimulator.Build.0 = Release|Any CPU
		{4BE79B6D-BA3A-4758-9A9D-5CAD590BC91F}.Release|iPhoneSimulator.Deploy.0 = Release|Any CPU
	EndGlobalSection
	GlobalSection(SolutionProperties) = preSolution
		HideSolutionNode = FALSE
	EndGlobalSection
	GlobalSection(ExtensibilityGlobals) = postSolution
		SolutionGuid = {CDFF9B0F-0739-4207-A1A5-C0961B8125B8}
	EndGlobalSection
EndGlobal
